{
  "version": 4,
  "terraform_version": "1.5.2",
  "serial": 3,
  "lineage": "e0164fe8-0f6e-4ddb-2025-a6a684ea4276",
  "outputs": {},
  "resources": [
    {
      "mode": "managed",
      "type": "aws_iam_user",
      "name": "demouser",
      "provider": "provider[\"registry.terraform.io/hashicorp/aws\"]",
      "instances": [
        {
          "schema_version": 0,
          "attributes": {
            "arn": "arn:aws:iam::242045210101:user/abhishek-demo-user",
            "force_destroy": false,
            "id": "abhishek-demo-user",
            "name": "abhishek-demo-user",
            "path": "/",
            "permissions_boundary": null,
            "tags": null,
            "tags_all": {},
            "unique_id": "AIDATQWYEZX24OEOHX2KX"
          },
          "sensitive_attributes": [],
          "private": "bnVsbA=="
        }
      ]
    }
  ],
  "check_results": null
}
